// !$*UTF8*$!
{
	archiveVersion = 1;
	classes = {
	};
	objectVersion = 46;
	objects = {

/* Begin PBXBuildFile section */
		39BACFB21951A34500740952 /* Foundation.framework in Frameworks */ = {isa = PBXBuildFile; fileRef = 39BACFB11951A34500740952 /* Foundation.framework */; };
		39BACFB41951A34500740952 /* CoreGraphics.framework in Frameworks */ = {isa = PBXBuildFile; fileRef = 39BACFB31951A34500740952 /* CoreGraphics.framework */; };
		39BACFB61951A34500740952 /* UIKit.framework in Frameworks */ = {isa = PBXBuildFile; fileRef = 39BACFB51951A34500740952 /* UIKit.framework */; };
		39BACFBC1951A34600740952 /* InfoPlist.strings in Resources */ = {isa = PBXBuildFile; fileRef = 39BACFBA1951A34600740952 /* InfoPlist.strings */; };
		39BACFBE1951A34600740952 /* main.m in Sources */ = {isa = PBXBuildFile; fileRef = 39BACFBD1951A34600740952 /* main.m */; };
		39BACFC21951A34600740952 /* AppDelegate.m in Sources */ = {isa = PBXBuildFile; fileRef = 39BACFC11951A34600740952 /* AppDelegate.m */; };
		39BACFC41951A34600740952 /* Images.xcassets in Resources */ = {isa = PBXBuildFile; fileRef = 39BACFC31951A34600740952 /* Images.xcassets */; };
		39BACFCB1951A34600740952 /* XCTest.framework in Frameworks */ = {isa = PBXBuildFile; fileRef = 39BACFCA1951A34600740952 /* XCTest.framework */; };
		39BACFCC1951A34600740952 /* Foundation.framework in Frameworks */ = {isa = PBXBuildFile; fileRef = 39BACFB11951A34500740952 /* Foundation.framework */; };
		39BACFCD1951A34600740952 /* UIKit.framework in Frameworks */ = {isa = PBXBuildFile; fileRef = 39BACFB51951A34500740952 /* UIKit.framework */; };
		39BACFD51951A34600740952 /* InfoPlist.strings in Resources */ = {isa = PBXBuildFile; fileRef = 39BACFD31951A34600740952 /* InfoPlist.strings */; };
		39BACFD71951A34600740952 /* PicCollageTests.m in Sources */ = {isa = PBXBuildFile; fileRef = 39BACFD61951A34600740952 /* PicCollageTests.m */; };
/* End PBXBuildFile section */

/* Begin PBXContainerItemProxy section */
		39BACFCE1951A34600740952 /* PBXContainerItemProxy */ = {
			isa = PBXContainerItemProxy;
			containerPortal = 39BACFA61951A34500740952 /* Project object */;
			proxyType = 1;
			remoteGlobalIDString = 39BACFAD1951A34500740952;
			remoteInfo = PicCollage;
		};
/* End PBXContainerItemProxy section */

/* Begin PBXFileReference section */
		39BACFAE1951A34500740952 /* PicCollage.app */ = {isa = PBXFileReference; explicitFileType = wrapper.application; includeInIndex = 0; path = PicCollage.app; sourceTree = BUILT_PRODUCTS_DIR; };
		39BACFB11951A34500740952 /* Foundation.framework */ = {isa = PBXFileReference; lastKnownFileType = wrapper.framework; name = Foundation.framework; path = System/Library/Frameworks/Foundation.framework; sourceTree = SDKROOT; };
		39BACFB31951A34500740952 /* CoreGraphics.framework */ = {isa = PBXFileReference; lastKnownFileType = wrapper.framework; name = CoreGraphics.framework; path = System/Library/Frameworks/CoreGraphics.framework; sourceTree = SDKROOT; };
		39BACFB51951A34500740952 /* UIKit.framework */ = {isa = PBXFileReference; lastKnownFileType = wrapper.framework; name = UIKit.framework; path = System/Library/Frameworks/UIKit.framework; sourceTree = SDKROOT; };
		39BACFB91951A34600740952 /* PicCollage-Info.plist */ = {isa = PBXFileReference; lastKnownFileType = text.plist.xml; path = "PicCollage-Info.plist"; sourceTree = "<group>"; };
		39BACFBB1951A34600740952 /* en */ = {isa = PBXFileReference; lastKnownFileType = text.plist.strings; name = en; path = en.lproj/InfoPlist.strings; sourceTree = "<group>"; };
		39BACFBD1951A34600740952 /* main.m */ = {isa = PBXFileReference; lastKnownFileType = sourcecode.c.objc; path = main.m; sourceTree = "<group>"; };
		39BACFBF1951A34600740952 /* PicCollage-Prefix.pch */ = {isa = PBXFileReference; lastKnownFileType = sourcecode.c.h; path = "PicCollage-Prefix.pch"; sourceTree = "<group>"; };
		39BACFC01951A34600740952 /* AppDelegate.h */ = {isa = PBXFileReference; lastKnownFileType = sourcecode.c.h; path = AppDelegate.h; sourceTree = "<group>"; };
		39BACFC11951A34600740952 /* AppDelegate.m */ = {isa = PBXFileReference; lastKnownFileType = sourcecode.c.objc; path = AppDelegate.m; sourceTree = "<group>"; };
		39BACFC31951A34600740952 /* Images.xcassets */ = {isa = PBXFileReference; lastKnownFileType = folder.assetcatalog; path = Images.xcassets; sourceTree = "<group>"; };
		39BACFC91951A34600740952 /* PicCollageTests.xctest */ = {isa = PBXFileReference; explicitFileType = wrapper.cfbundle; includeInIndex = 0; path = PicCollageTests.xctest; sourceTree = BUILT_PRODUCTS_DIR; };
		39BACFCA1951A34600740952 /* XCTest.framework */ = {isa = PBXFileReference; lastKnownFileType = wrapper.framework; name = XCTest.framework; path = Library/Frameworks/XCTest.framework; sourceTree = DEVELOPER_DIR; };
		39BACFD21951A34600740952 /* PicCollageTests-Info.plist */ = {isa = PBXFileReference; lastKnownFileType = text.plist.xml; path = "PicCollageTests-Info.plist"; sourceTree = "<group>"; };
		39BACFD41951A34600740952 /* en */ = {isa = PBXFileReference; lastKnownFileType = text.plist.strings; name = en; path = en.lproj/InfoPlist.strings; sourceTree = "<group>"; };
		39BACFD61951A34600740952 /* PicCollageTests.m */ = {isa = PBXFileReference; lastKnownFileType = sourcecode.c.objc; path = PicCollageTests.m; sourceTree = "<group>"; };
/* End PBXFileReference section */

/* Begin PBXFrameworksBuildPhase section */
		39BACFAB1951A34500740952 /* Frameworks */ = {
			isa = PBXFrameworksBuildPhase;
			buildActionMask = 2147483647;
			files = (
				39BACFB41951A34500740952 /* CoreGraphics.framework in Frameworks */,
				39BACFB61951A34500740952 /* UIKit.framework in Frameworks */,
				39BACFB21951A34500740952 /* Foundation.framework in Frameworks */,
			);
			runOnlyForDeploymentPostprocessing = 0;
		};
		39BACFC61951A34600740952 /* Frameworks */ = {
			isa = PBXFrameworksBuildPhase;
			buildActionMask = 2147483647;
			files = (
				39BACFCB1951A34600740952 /* XCTest.framework in Frameworks */,
				39BACFCD1951A34600740952 /* UIKit.framework in Frameworks */,
				39BACFCC1951A34600740952 /* Foundation.framework in Frameworks */,
			);
			runOnlyForDeploymentPostprocessing = 0;
		};
/* End PBXFrameworksBuildPhase section */

/* Begin PBXGroup section */
		39BACFA51951A34500740952 = {
			isa = PBXGroup;
			children = (
				39BACFB71951A34500740952 /* PicCollage */,
				39BACFD01951A34600740952 /* PicCollageTests */,
				39BACFB01951A34500740952 /* Frameworks */,
				39BACFAF1951A34500740952 /* Products */,
			);
			sourceTree = "<group>";
		};
		39BACFAF1951A34500740952 /* Products */ = {
			isa = PBXGroup;
			children = (
				39BACFAE1951A34500740952 /* PicCollage.app */,
				39BACFC91951A34600740952 /* PicCollageTests.xctest */,
			);
			name = Products;
			sourceTree = "<group>";
		};
		39BACFB01951A34500740952 /* Frameworks */ = {
			isa = PBXGroup;
			children = (
				39BACFB11951A34500740952 /* Foundation.framework */,
				39BACFB31951A34500740952 /* CoreGraphics.framework */,
				39BACFB51951A34500740952 /* UIKit.framework */,
				39BACFCA1951A34600740952 /* XCTest.framework */,
			);
			name = Frameworks;
			sourceTree = "<group>";
		};
		39BACFB71951A34500740952 /* PicCollage */ = {
			isa = PBXGroup;
			children = (
				39BACFC01951A34600740952 /* AppDelegate.h */,
				39BACFC11951A34600740952 /* AppDelegate.m */,
				39BACFC31951A34600740952 /* Images.xcassets */,
				39BACFB81951A34600740952 /* Supporting Files */,
			);
			path = PicCollage;
			sourceTree = "<group>";
		};
		39BACFB81951A34600740952 /* Supporting Files */ = {
			isa = PBXGroup;
			children = (
				39BACFB91951A34600740952 /* PicCollage-Info.plist */,
				39BACFBA1951A34600740952 /* InfoPlist.strings */,
				39BACFBD1951A34600740952 /* main.m */,
				39BACFBF1951A34600740952 /* PicCollage-Prefix.pch */,
			);
			name = "Supporting Files";
			sourceTree = "<group>";
		};
		39BACFD01951A34600740952 /* PicCollageTests */ = {
			isa = PBXGroup;
			children = (
				39BACFD61951A34600740952 /* PicCollageTests.m */,
				39BACFD11951A34600740952 /* Supporting Files */,
			);
			path = PicCollageTests;
			sourceTree = "<group>";
		};
		39BACFD11951A34600740952 /* Supporting Files */ = {
			isa = PBXGroup;
			children = (
				39BACFD21951A34600740952 /* PicCollageTests-Info.plist */,
				39BACFD31951A34600740952 /* InfoPlist.strings */,
			);
			name = "Supporting Files";
			sourceTree = "<group>";
		};
/* End PBXGroup section */

/* Begin PBXNativeTarget section */
		39BACFAD1951A34500740952 /* PicCollage */ = {
			isa = PBXNativeTarget;
			buildConfigurationList = 39BACFDA1951A34600740952 /* Build configuration list for PBXNativeTarget "PicCollage" */;
			buildPhases = (
				39BACFAA1951A34500740952 /* Sources */,
				39BACFAB1951A34500740952 /* Frameworks */,
				39BACFAC1951A34500740952 /* Resources */,
			);
			buildRules = (
			);
			dependencies = (
			);
			name = PicCollage;
			productName = PicCollage;
			productReference = 39BACFAE1951A34500740952 /* PicCollage.app */;
			productType = "com.apple.product-type.application";
		};
		39BACFC81951A34600740952 /* PicCollageTests */ = {
			isa = PBXNativeTarget;
			buildConfigurationList = 39BACFDD1951A34600740952 /* Build configuration list for PBXNativeTarget "PicCollageTests" */;
			buildPhases = (
				39BACFC51951A34600740952 /* Sources */,
				39BACFC61951A34600740952 /* Frameworks */,
				39BACFC71951A34600740952 /* Resources */,
			);
			buildRules = (
			);
			dependencies = (
				39BACFCF1951A34600740952 /* PBXTargetDependency */,
			);
			name = PicCollageTests;
			productName = PicCollageTests;
			productReference = 39BACFC91951A34600740952 /* PicCollageTests.xctest */;
			productType = "com.apple.product-type.bundle.unit-test";
		};
/* End PBXNativeTarget section */

/* Begin PBXProject section */
		39BACFA61951A34500740952 /* Project object */ = {
			isa = PBXProject;
			attributes = {
				LastUpgradeCheck = 0510;
				ORGANIZATIONNAME = com.solutionanalysts;
				TargetAttributes = {
					39BACFC81951A34600740952 = {
						TestTargetID = 39BACFAD1951A34500740952;
					};
				};
			};
			buildConfigurationList = 39BACFA91951A34500740952 /* Build configuration list for PBXProject "PicCollage" */;
			compatibilityVersion = "Xcode 3.2";
			developmentRegion = English;
			hasScannedForEncodings = 0;
			knownRegions = (
				en,
			);
			mainGroup = 39BACFA51951A34500740952;
			productRefGroup = 39BACFAF1951A34500740952 /* Products */;
			projectDirPath = "";
			projectRoot = "";
			targets = (
				39BACFAD1951A34500740952 /* PicCollage */,
				39BACFC81951A34600740952 /* PicCollageTests */,
			);
		};
/* End PBXProject section */

/* Begin PBXResourcesBuildPhase section */
		39BACFAC1951A34500740952 /* Resources */ = {
			isa = PBXResourcesBuildPhase;
			buildActionMask = 2147483647;
			files = (
				39BACFBC1951A34600740952 /* InfoPlist.strings in Resources */,
				39BACFC41951A34600740952 /* Images.xcassets in Resources */,
			);
			runOnlyForDeploymentPostprocessing = 0;
		};
		39BACFC71951A34600740952 /* Resources */ = {
			isa = PBXResourcesBuildPhase;
			buildActionMask = 2147483647;
			files = (
				39BACFD51951A34600740952 /* InfoPlist.strings in Resources */,
			);
			runOnlyForDeploymentPostprocessing = 0;
		};
/* End PBXResourcesBuildPhase section */

/* Begin PBXSourcesBuildPhase section */
		39BACFAA1951A34500740952 /* Sources */ = {
			isa = PBXSourcesBuildPhase;
			buildActionMask = 2147483647;
			files = (
				39BACFC21951A34600740952 /* AppDelegate.m in Sources */,
				39BACFBE1951A34600740952 /* main.m in Sources */,
			);
			runOnlyForDeploymentPostprocessing = 0;
		};
		39BACFC51951A34600740952 /* Sources */ = {
			isa = PBXSourcesBuildPhase;
			buildActionMask = 2147483647;
			files = (
				39BACFD71951A34600740952 /* PicCollageTests.m in Sources */,
			);
			runOnlyForDeploymentPostprocessing = 0;
		};
/* End PBXSourcesBuildPhase section */

/* Begin PBXTargetDependency section */
		39BACFCF1951A34600740952 /* PBXTargetDependency */ = {
			isa = PBXTargetDependency;
			target = 39BACFAD1951A34500740952 /* PicCollage */;
			targetProxy = 39BACFCE1951A34600740952 /* PBXContainerItemProxy */;
		};
/* End PBXTargetDependency section */

/* Begin PBXVariantGroup section */
		39BACFBA1951A34600740952 /* InfoPlist.strings */ = {
			isa = PBXVariantGroup;
			children = (
				39BACFBB1951A34600740952 /* en */,
			);
			name = InfoPlist.strings;
			sourceTree = "<group>";
		};
		39BACFD31951A34600740952 /* InfoPlist.strings */ = {
			isa = PBXVariantGroup;
			children = (
				39BACFD41951A34600740952 /* en */,
			);
			name = InfoPlist.strings;
			sourceTree = "<group>";
		};
/* End PBXVariantGroup section */

/* Begin XCBuildConfiguration section */
		39BACFD81951A34600740952 /* Debug */ = {
			isa = XCBuildConfiguration;
			buildSettings = {
				ALWAYS_SEARCH_USER_PATHS = NO;
				CLANG_CXX_LANGUAGE_STANDARD = "gnu++0x";
				CLANG_CXX_LIBRARY = "libc++";
				CLANG_ENABLE_MODULES = YES;
				CLANG_ENABLE_OBJC_ARC = YES;
				CLANG_WARN_BOOL_CONVERSION = YES;
				CLANG_WARN_CONSTANT_CONVERSION = YES;
				CLANG_WARN_DIRECT_OBJC_ISA_USAGE = YES_ERROR;
				CLANG_WARN_EMPTY_BODY = YES;
				CLANG_WARN_ENUM_CONVERSION = YES;
				CLANG_WARN_INT_CONVERSION = YES;
				CLANG_WARN_OBJC_ROOT_CLASS = YES_ERROR;
				CLANG_WARN__DUPLICATE_METHOD_MATCH = YES;
				"CODE_SIGN_IDENTITY[sdk=iphoneos*]" = "iPhone Developer";
				COPY_PHASE_STRIP = NO;
				GCC_C_LANGUAGE_STANDARD = gnu99;
				GCC_DYNAMIC_NO_PIC = NO;
				GCC_OPTIMIZATION_LEVEL = 0;
				GCC_PREPROCESSOR_DEFINITIONS = (
					"DEBUG=1",
					"$(inherited)",
				);
				GCC_SYMBOLS_PRIVATE_EXTERN = NO;
				GCC_WARN_64_TO_32_BIT_CONVERSION = YES;
				GCC_WARN_ABOUT_RETURN_TYPE = YES_ERROR;
				GCC_WARN_UNDECLARED_SELECTOR = YES;
				GCC_WARN_UNINITIALIZED_AUTOS = YES_AGGRESSIVE;
				GCC_WARN_UNUSED_FUNCTION = YES;
				GCC_WARN_UNUSED_VARIABLE = YES;
				IPHONEOS_DEPLOYMENT_TARGET = 7.1;
				ONLY_ACTIVE_ARCH = YES;
				SDKROOT = iphoneos;
			};
			name = Debug;
		};
		39BACFD91951A34600740952 /* Release */ = {
			isa = XCBuildConfiguration;
			buildSettings = {
				ALWAYS_SEARCH_USER_PATHS = NO;
				CLANG_CXX_LANGUAGE_STANDARD = "gnu++0x";
				CLANG_CXX_LIBRARY = "libc++";
				CLANG_ENABLE_MODULES = YES;
				CLANG_ENABLE_OBJC_ARC = YES;
				CLANG_WARN_BOOL_CONVERSION = YES;
				CLANG_WARN_CONSTANT_CONVERSION = YES;
				CLANG_WARN_DIRECT_OBJC_ISA_USAGE = YES_ERROR;
				CLANG_WARN_EMPTY_BODY = YES;
				CLANG_WARN_ENUM_CONVERSION = YES;
				CLANG_WARN_INT_CONVERSION = YES;
				CLANG_WARN_OBJC_ROOT_CLASS = YES_ERROR;
				CLANG_WARN__DUPLICATE_METHOD_MATCH = YES;
				"CODE_SIGN_IDENTITY[sdk=iphoneos*]" = "iPhone Developer";
				COPY_PHASE_STRIP = YES;
				ENABLE_NS_ASSERTIONS = NO;
				GCC_C_LANGUAGE_STANDARD = gnu99;
				GCC_WARN_64_TO_32_BIT_CONVERSION = YES;
				GCC_WARN_ABOUT_RETURN_TYPE = YES_ERROR;
				GCC_WARN_UNDECLARED_SELECTOR = YES;
				GCC_WARN_UNINITIALIZED_AUTOS = YES_AGGRESSIVE;
				GCC_WARN_UNUSED_FUNCTION = YES;
				GCC_WARN_UNUSED_VARIABLE = YES;
				IPHONEOS_DEPLOYMENT_TARGET = 7.1;
				SDKROOT = iphoneos;
				VALIDATE_PRODUCT = YES;
			};
			name = Release;
		};
		39BACFDB1951A34600740952 /* Debug */ = {
			isa = XCBuildConfiguration;
			buildSettings = {
				ASSETCATALOG_COMPILER_APPICON_NAME = AppIcon;
				ASSETCATALOG_COMPILER_LAUNCHIMAGE_NAME = LaunchImage;
				GCC_PRECOMPILE_PREFIX_HEADER = YES;
				GCC_PREFIX_HEADER = "PicCollage/PicCollage-Prefix.pch";
				INFOPLIST_FILE = "PicCollage/PicCollage-Info.plist";
				IPHONEOS_DEPLOYMENT_TARGET = 6.0;
				PRODUCT_NAME = "$(TARGET_NAME)";
				WRAPPER_EXTENSION = app;
			};
			name = Debug;
		};
		39BACFDC1951A34600740952 /* Release */ = {
			isa = XCBuildConfiguration;
			buildSettings = {
				ASSETCATALOG_COMPILER_APPICON_NAME = AppIcon;
				ASSETCATALOG_COMPILER_LAUNCHIMAGE_NAME = LaunchImage;
				GCC_PRECOMPILE_PREFIX_HEADER = YES;
				GCC_PREFIX_HEADER = "PicCollage/PicCollage-Prefix.pch";
				INFOPLIST_FILE = "PicCollage/PicCollage-Info.plist";
				IPHONEOS_DEPLOYMENT_TARGET = 6.0;
				PRODUCT_NAME = "$(TARGET_NAME)";
				WRAPPER_EXTENSION = app;
			};
			name = Release;
		};
		39BACFDE1951A34600740952 /* Debug */ = {
			isa = XCBuildConfiguration;
			buildSettings = {
				BUNDLE_LOADER = "$(BUILT_PRODUCTS_DIR)/PicCollage.app/PicCollage";
				FRAMEWORK_SEARCH_PATHS = (
					"$(SDKROOT)/Developer/Library/Frameworks",
					"$(inherited)",
					"$(DEVELOPER_FRAMEWORKS_DIR)",
				);
				GCC_PRECOMPILE_PREFIX_HEADER = YES;
				GCC_PREFIX_HEADER = "PicCollage/PicCollage-Prefix.pch";
				GCC_PREPROCESSOR_DEFINITIONS = (
					"DEBUG=1",
					"$(inherited)",
				);
				INFOPLIST_FILE = "PicCollageTests/PicCollageTests-Info.plist";
				PRODUCT_NAME = "$(TARGET_NAME)";
				TEST_HOST = "$(BUNDLE_LOADER)";
				WRAPPER_EXTENSION = xctest;
			};
			name = Debug;
		};
		39BACFDF1951A34600740952 /* Release */ = {
			isa = XCBuildConfiguration;
			buildSettings = {
				BUNDLE_LOADER = "$(BUILT_PRODUCTS_DIR)/PicCollage.app/PicCollage";
				FRAMEWORK_SEARCH_PATHS = (
					"$(SDKROOT)/Developer/Library/Frameworks",
					"$(inherited)",
					"$(DEVELOPER_FRAMEWORKS_DIR)",
				);
				GCC_PRECOMPILE_PREFIX_HEADER = YES;
				GCC_PREFIX_HEADER = "PicCollage/PicCollage-Prefix.pch";
				INFOPLIST_FILE = "PicCollageTests/PicCollageTests-Info.plist";
				PRODUCT_NAME = "$(TARGET_NAME)";
				TEST_HOST = "$(BUNDLE_LOADER)";
				WRAPPER_EXTENSION = xctest;
			};
			name = Release;
		};
/* End XCBuildConfiguration section */

/* Begin XCConfigurationList section */
		39BACFA91951A34500740952 /* Build configuration list for PBXProject "PicCollage" */ = {
			isa = XCConfigurationList;
			buildConfigurations = (
				39BACFD81951A34600740952 /* Debug */,
				39BACFD91951A34600740952 /* Release */,
			);
			defaultConfigurationIsVisible = 0;
			defaultConfigurationName = Release;
		};
		39BACFDA1951A34600740952 /* Build configuration list for PBXNativeTarget "PicCollage" */ = {
			isa = XCConfigurationList;
			buildConfigurations = (
				39BACFDB1951A34600740952 /* Debug */,
				39BACFDC1951A34600740952 /* Release */,
			);
			defaultConfigurationIsVisible = 0;
		};
		39BACFDD1951A34600740952 /* Build configuration list for PBXNativeTarget "PicCollageTests" */ = {
			isa = XCConfigurationList;
			buildConfigurations = (
				39BACFDE1951A34600740952 /* Debug */,
				39BACFDF1951A34600740952 /* Release */,
			);
			defaultConfigurationIsVisible = 0;
		};
/* End XCConfigurationList section */
	};
	rootObject = 39BACFA61951A34500740952 /* Project object */;
}
